
Microsoft Visual Studio Solution File, Format Version 12.00
# Visual Studio 15
VisualStudioVersion = 15.0.28307.271
MinimumVisualStudioVersion = 10.0.40219.1
Project("{9A19103F-16F7-4668-BE54-9A1E7A4F7556}") = "Briver.AspNetCore", "Briver.AspNetCore\Briver.AspNetCore.csproj", "{4318A0B4-54B5-4B32-A292-92DCE9661A90}"
EndProject
Project("{9A19103F-16F7-4668-BE54-9A1E7A4F7556}") = "Briver.WebApp", "Briver.WebApp\Briver.WebApp.csproj", "{CA2A4A9D-B38F-4A6D-8DA0-2934B5272946}"
EndProject
Global
	GlobalSection(SolutionConfigurationPlatforms) = preSolution
		Debug|Any CPU = Debug|Any CPU
		Release|Any CPU = Release|Any CPU
	EndGlobalSection
	GlobalSection(ProjectConfigurationPlatforms) = postSolution
		{4318A0B4-54B5-4B32-A292-92DCE9661A90}.Debug|Any CPU.ActiveCfg = Debug|Any CPU
		{4318A0B4-54B5-4B32-A292-92DCE9661A90}.Debug|Any CPU.Build.0 = Debug|Any CPU
		{4318A0B4-54B5-4B32-A292-92DCE9661A90}.Release|Any CPU.ActiveCfg = Release|Any CPU
		{4318A0B4-54B5-4B32-A292-92DCE9661A90}.Release|Any CPU.Build.0 = Release|Any CPU
		{CA2A4A9D-B38F-4A6D-8DA0-2934B5272946}.Debug|Any CPU.ActiveCfg = Debug|Any CPU
		{CA2A4A9D-B38F-4A6D-8DA0-2934B5272946}.Debug|Any CPU.Build.0 = Debug|Any CPU
		{CA2A4A9D-B38F-4A6D-8DA0-2934B5272946}.Release|Any CPU.ActiveCfg = Release|Any CPU
		{CA2A4A9D-B38F-4A6D-8DA0-2934B5272946}.Release|Any CPU.Build.0 = Release|Any CPU
	EndGlobalSection
	GlobalSection(SolutionProperties) = preSolution
		HideSolutionNode = FALSE
	EndGlobalSection
	GlobalSection(ExtensibilityGlobals) = postSolution
		SolutionGuid = {E2A6A673-F470-41E1-A1A5-373F06EF05D2}
	EndGlobalSection
EndGlobal
